
Microsoft Visual Studio Solution File, Format Version 12.00
# Visual Studio 15
VisualStudioVersion = 15.0.27428.2015
MinimumVisualStudioVersion = 10.0.40219.1
Project("{9A19103F-16F7-4668-BE54-9A1E7A4F7556}") = "KFCTrello", "KFCTrello\KFCTrello.csproj", "{67AB6FAB-99EB-4008-A532-12FE6AA329A5}"
EndProject
Project("{FAE04EC0-301F-11D3-BF4B-00C04F79EFBC}") = "TrelloTestProject", "TrelloTestProject\TrelloTestProject.csproj", "{589EB747-359A-4CD4-A9DE-268139599F83}"
EndProject
Global
	GlobalSection(SolutionConfigurationPlatforms) = preSolution
		Debug|Any CPU = Debug|Any CPU
		Release|Any CPU = Release|Any CPU
	EndGlobalSection
	GlobalSection(ProjectConfigurationPlatforms) = postSolution
		{67AB6FAB-99EB-4008-A532-12FE6AA329A5}.Debug|Any CPU.ActiveCfg = Debug|Any CPU
		{67AB6FAB-99EB-4008-A532-12FE6AA329A5}.Debug|Any CPU.Build.0 = Debug|Any CPU
		{67AB6FAB-99EB-4008-A532-12FE6AA329A5}.Release|Any CPU.ActiveCfg = Release|Any CPU
		{67AB6FAB-99EB-4008-A532-12FE6AA329A5}.Release|Any CPU.Build.0 = Release|Any CPU
		{589EB747-359A-4CD4-A9DE-268139599F83}.Debug|Any CPU.ActiveCfg = Debug|Any CPU
		{589EB747-359A-4CD4-A9DE-268139599F83}.Debug|Any CPU.Build.0 = Debug|Any CPU
		{589EB747-359A-4CD4-A9DE-268139599F83}.Release|Any CPU.ActiveCfg = Release|Any CPU
		{589EB747-359A-4CD4-A9DE-268139599F83}.Release|Any CPU.Build.0 = Release|Any CPU
	EndGlobalSection
	GlobalSection(SolutionProperties) = preSolution
		HideSolutionNode = FALSE
	EndGlobalSection
	GlobalSection(ExtensibilityGlobals) = postSolution
		SolutionGuid = {D53A1512-2792-43C5-BB3C-469B09D4FA40}
	EndGlobalSection
EndGlobal
